
Microsoft Visual Studio Solution File, Format Version 12.00
# Visual Studio Version 16
VisualStudioVersion = 16.0.32428.217
MinimumVisualStudioVersion = 10.0.40219.1
Project("{FAE04EC0-301F-11D3-BF4B-00C04F79EFBC}") = "movingObjectTerminal", "movingObjectTerminal.csproj", "{4437D8DF-7E8A-4870-94A5-5BA33514D8CD}"
EndProject
Project("{9A19103F-16F7-4668-BE54-9A1E7A4F7556}") = "MovingObjectWF", "..\MovingObjectWF\MovingObjectWF.csproj", "{BA728894-F480-4380-913F-62451AB5B7BA}"
EndProject
Global
	GlobalSection(SolutionConfigurationPlatforms) = preSolution
		Debug|Any CPU = Debug|Any CPU
		Release|Any CPU = Release|Any CPU
	EndGlobalSection
	GlobalSection(ProjectConfigurationPlatforms) = postSolution
		{4437D8DF-7E8A-4870-94A5-5BA33514D8CD}.Debug|Any CPU.ActiveCfg = Debug|Any CPU
		{4437D8DF-7E8A-4870-94A5-5BA33514D8CD}.Debug|Any CPU.Build.0 = Debug|Any CPU
		{4437D8DF-7E8A-4870-94A5-5BA33514D8CD}.Release|Any CPU.ActiveCfg = Release|Any CPU
		{4437D8DF-7E8A-4870-94A5-5BA33514D8CD}.Release|Any CPU.Build.0 = Release|Any CPU
		{BA728894-F480-4380-913F-62451AB5B7BA}.Debug|Any CPU.ActiveCfg = Debug|Any CPU
		{BA728894-F480-4380-913F-62451AB5B7BA}.Debug|Any CPU.Build.0 = Debug|Any CPU
		{BA728894-F480-4380-913F-62451AB5B7BA}.Release|Any CPU.ActiveCfg = Release|Any CPU
		{BA728894-F480-4380-913F-62451AB5B7BA}.Release|Any CPU.Build.0 = Release|Any CPU
	EndGlobalSection
	GlobalSection(SolutionProperties) = preSolution
		HideSolutionNode = FALSE
	EndGlobalSection
	GlobalSection(ExtensibilityGlobals) = postSolution
		SolutionGuid = {EA6B20FF-6CA4-47DD-B21E-3E74AB669505}
	EndGlobalSection
EndGlobal
